
Microsoft Visual Studio Solution File, Format Version 12.00
# Visual Studio Version 17
VisualStudioVersion = 17.6.33723.286
MinimumVisualStudioVersion = 10.0.40219.1
Project("{FAE04EC0-301F-11D3-BF4B-00C04F79EFBC}") = "PTInstaller", "PTInstaller.csproj", "{4861D991-70E3-4ED1-945A-2A0A0CDCD4F6}"
EndProject
Global
	GlobalSection(SolutionConfigurationPlatforms) = preSolution
		Debug|Any CPU = Debug|Any CPU
		Release|Any CPU = Release|Any CPU
	EndGlobalSection
	GlobalSection(ProjectConfigurationPlatforms) = postSolution
		{4861D991-70E3-4ED1-945A-2A0A0CDCD4F6}.Debug|Any CPU.ActiveCfg = Debug|Any CPU
		{4861D991-70E3-4ED1-945A-2A0A0CDCD4F6}.Debug|Any CPU.Build.0 = Debug|Any CPU
		{4861D991-70E3-4ED1-945A-2A0A0CDCD4F6}.Release|Any CPU.ActiveCfg = Release|Any CPU
		{4861D991-70E3-4ED1-945A-2A0A0CDCD4F6}.Release|Any CPU.Build.0 = Release|Any CPU
	EndGlobalSection
	GlobalSection(SolutionProperties) = preSolution
		HideSolutionNode = FALSE
	EndGlobalSection
	GlobalSection(ExtensibilityGlobals) = postSolution
		SolutionGuid = {EF8F9CB6-0604-4A7D-87FE-AF480E33AD6B}
	EndGlobalSection
EndGlobal
